
Microsoft Visual Studio Solution File, Format Version 12.00
# Visual Studio Version 16
VisualStudioVersion = 16.0.33927.289
MinimumVisualStudioVersion = 10.0.40219.1
Project("{FAE04EC0-301F-11D3-BF4B-00C04F79EFBC}") = "WebApplication3", "WebApplication3\WebApplication3.csproj", "{1EDECF64-FA65-4C9D-89E0-58C2F104DD12}"
EndProject
Global
	GlobalSection(SolutionConfigurationPlatforms) = preSolution
		Debug|Any CPU = Debug|Any CPU
		Release|Any CPU = Release|Any CPU
	EndGlobalSection
	GlobalSection(ProjectConfigurationPlatforms) = postSolution
		{1EDECF64-FA65-4C9D-89E0-58C2F104DD12}.Debug|Any CPU.ActiveCfg = Debug|Any CPU
		{1EDECF64-FA65-4C9D-89E0-58C2F104DD12}.Debug|Any CPU.Build.0 = Debug|Any CPU
		{1EDECF64-FA65-4C9D-89E0-58C2F104DD12}.Release|Any CPU.ActiveCfg = Release|Any CPU
		{1EDECF64-FA65-4C9D-89E0-58C2F104DD12}.Release|Any CPU.Build.0 = Release|Any CPU
	EndGlobalSection
	GlobalSection(SolutionProperties) = preSolution
		HideSolutionNode = FALSE
	EndGlobalSection
	GlobalSection(ExtensibilityGlobals) = postSolution
		SolutionGuid = {333BB023-DF0E-4360-8E1B-837F324334B0}
	EndGlobalSection
EndGlobal
