
Microsoft Visual Studio Solution File, Format Version 12.00
# Visual Studio 15
VisualStudioVersion = 15.0.33423.255
MinimumVisualStudioVersion = 10.0.40219.1
Project("{FAE04EC0-301F-11D3-BF4B-00C04F79EFBC}") = "CallingMethods6", "CallingMethods6\CallingMethods6.csproj", "{53EBD4A3-C435-4C8A-9DC4-3F94D1E60A0F}"
EndProject
Global
	GlobalSection(SolutionConfigurationPlatforms) = preSolution
		Debug|Any CPU = Debug|Any CPU
		Release|Any CPU = Release|Any CPU
	EndGlobalSection
	GlobalSection(ProjectConfigurationPlatforms) = postSolution
		{53EBD4A3-C435-4C8A-9DC4-3F94D1E60A0F}.Debug|Any CPU.ActiveCfg = Debug|Any CPU
		{53EBD4A3-C435-4C8A-9DC4-3F94D1E60A0F}.Debug|Any CPU.Build.0 = Debug|Any CPU
		{53EBD4A3-C435-4C8A-9DC4-3F94D1E60A0F}.Release|Any CPU.ActiveCfg = Release|Any CPU
		{53EBD4A3-C435-4C8A-9DC4-3F94D1E60A0F}.Release|Any CPU.Build.0 = Release|Any CPU
	EndGlobalSection
	GlobalSection(SolutionProperties) = preSolution
		HideSolutionNode = FALSE
	EndGlobalSection
	GlobalSection(ExtensibilityGlobals) = postSolution
		SolutionGuid = {BD028717-7C39-40E6-A70E-22424D3FAA51}
	EndGlobalSection
EndGlobal
