
Microsoft Visual Studio Solution File, Format Version 12.00
# Visual Studio 15
VisualStudioVersion = 15.0.33801.198
MinimumVisualStudioVersion = 10.0.40219.1
Project("{FAE04EC0-301F-11D3-BF4B-00C04F79EFBC}") = "WebApplication2", "WebApplication2\WebApplication2.csproj", "{057CE9DE-C50E-4D91-A4BE-A6794599DEF5}"
EndProject
Global
	GlobalSection(SolutionConfigurationPlatforms) = preSolution
		Debug|Any CPU = Debug|Any CPU
		Release|Any CPU = Release|Any CPU
	EndGlobalSection
	GlobalSection(ProjectConfigurationPlatforms) = postSolution
		{057CE9DE-C50E-4D91-A4BE-A6794599DEF5}.Debug|Any CPU.ActiveCfg = Debug|Any CPU
		{057CE9DE-C50E-4D91-A4BE-A6794599DEF5}.Debug|Any CPU.Build.0 = Debug|Any CPU
		{057CE9DE-C50E-4D91-A4BE-A6794599DEF5}.Release|Any CPU.ActiveCfg = Release|Any CPU
		{057CE9DE-C50E-4D91-A4BE-A6794599DEF5}.Release|Any CPU.Build.0 = Release|Any CPU
	EndGlobalSection
	GlobalSection(SolutionProperties) = preSolution
		HideSolutionNode = FALSE
	EndGlobalSection
	GlobalSection(ExtensibilityGlobals) = postSolution
		SolutionGuid = {7FFE4D96-91D3-49E3-BFE0-A6BC2E09344A}
	EndGlobalSection
EndGlobal
