
Microsoft Visual Studio Solution File, Format Version 12.00
# Visual Studio 15
VisualStudioVersion = 15.0.33423.255
MinimumVisualStudioVersion = 10.0.40219.1
Project("{FAE04EC0-301F-11D3-BF4B-00C04F79EFBC}") = "BoolDoWhile", "BoolDoWhile\BoolDoWhile.csproj", "{CBFBF694-E887-4406-AEC2-77D6B74A5065}"
EndProject
Global
	GlobalSection(SolutionConfigurationPlatforms) = preSolution
		Debug|Any CPU = Debug|Any CPU
		Release|Any CPU = Release|Any CPU
	EndGlobalSection
	GlobalSection(ProjectConfigurationPlatforms) = postSolution
		{CBFBF694-E887-4406-AEC2-77D6B74A5065}.Debug|Any CPU.ActiveCfg = Debug|Any CPU
		{CBFBF694-E887-4406-AEC2-77D6B74A5065}.Debug|Any CPU.Build.0 = Debug|Any CPU
		{CBFBF694-E887-4406-AEC2-77D6B74A5065}.Release|Any CPU.ActiveCfg = Release|Any CPU
		{CBFBF694-E887-4406-AEC2-77D6B74A5065}.Release|Any CPU.Build.0 = Release|Any CPU
	EndGlobalSection
	GlobalSection(SolutionProperties) = preSolution
		HideSolutionNode = FALSE
	EndGlobalSection
	GlobalSection(ExtensibilityGlobals) = postSolution
		SolutionGuid = {003B43C7-C85E-4F11-B33E-25B0C813DC01}
	EndGlobalSection
EndGlobal
