
Microsoft Visual Studio Solution File, Format Version 12.00
# Visual Studio 15
VisualStudioVersion = 15.0.33423.255
MinimumVisualStudioVersion = 10.0.40219.1
Project("{FAE04EC0-301F-11D3-BF4B-00C04F79EFBC}") = "StringFunctions", "StringFunctions\StringFunctions.csproj", "{E57DDED6-43E6-4D18-AB9D-3F5C34A98892}"
EndProject
Global
	GlobalSection(SolutionConfigurationPlatforms) = preSolution
		Debug|Any CPU = Debug|Any CPU
		Release|Any CPU = Release|Any CPU
	EndGlobalSection
	GlobalSection(ProjectConfigurationPlatforms) = postSolution
		{E57DDED6-43E6-4D18-AB9D-3F5C34A98892}.Debug|Any CPU.ActiveCfg = Debug|Any CPU
		{E57DDED6-43E6-4D18-AB9D-3F5C34A98892}.Debug|Any CPU.Build.0 = Debug|Any CPU
		{E57DDED6-43E6-4D18-AB9D-3F5C34A98892}.Release|Any CPU.ActiveCfg = Release|Any CPU
		{E57DDED6-43E6-4D18-AB9D-3F5C34A98892}.Release|Any CPU.Build.0 = Release|Any CPU
	EndGlobalSection
	GlobalSection(SolutionProperties) = preSolution
		HideSolutionNode = FALSE
	EndGlobalSection
	GlobalSection(ExtensibilityGlobals) = postSolution
		SolutionGuid = {F488787E-7D1A-4FD4-97FC-4382DE62CCED}
	EndGlobalSection
EndGlobal
