
Microsoft Visual Studio Solution File, Format Version 12.00
# Visual Studio 15
VisualStudioVersion = 15.0.33423.255
MinimumVisualStudioVersion = 10.0.40219.1
Project("{FAE04EC0-301F-11D3-BF4B-00C04F79EFBC}") = "iteration", "iteration\iteration.csproj", "{8FE7C8C2-3CD5-4ED4-BA58-FC73DED00329}"
EndProject
Global
	GlobalSection(SolutionConfigurationPlatforms) = preSolution
		Debug|Any CPU = Debug|Any CPU
		Release|Any CPU = Release|Any CPU
	EndGlobalSection
	GlobalSection(ProjectConfigurationPlatforms) = postSolution
		{8FE7C8C2-3CD5-4ED4-BA58-FC73DED00329}.Debug|Any CPU.ActiveCfg = Debug|Any CPU
		{8FE7C8C2-3CD5-4ED4-BA58-FC73DED00329}.Debug|Any CPU.Build.0 = Debug|Any CPU
		{8FE7C8C2-3CD5-4ED4-BA58-FC73DED00329}.Release|Any CPU.ActiveCfg = Release|Any CPU
		{8FE7C8C2-3CD5-4ED4-BA58-FC73DED00329}.Release|Any CPU.Build.0 = Release|Any CPU
	EndGlobalSection
	GlobalSection(SolutionProperties) = preSolution
		HideSolutionNode = FALSE
	EndGlobalSection
	GlobalSection(ExtensibilityGlobals) = postSolution
		SolutionGuid = {604DC64F-B93C-4162-BB84-E7DA06C15BFA}
	EndGlobalSection
EndGlobal
