
Microsoft Visual Studio Solution File, Format Version 12.00
# Visual Studio 15
VisualStudioVersion = 15.0.33423.255
MinimumVisualStudioVersion = 10.0.40219.1
Project("{FAE04EC0-301F-11D3-BF4B-00C04F79EFBC}") = "CallingMethods4", "CallingMethods4\CallingMethods4.csproj", "{76849053-64DB-4D07-9A53-A072F6B838B2}"
EndProject
Global
	GlobalSection(SolutionConfigurationPlatforms) = preSolution
		Debug|Any CPU = Debug|Any CPU
		Release|Any CPU = Release|Any CPU
	EndGlobalSection
	GlobalSection(ProjectConfigurationPlatforms) = postSolution
		{76849053-64DB-4D07-9A53-A072F6B838B2}.Debug|Any CPU.ActiveCfg = Debug|Any CPU
		{76849053-64DB-4D07-9A53-A072F6B838B2}.Debug|Any CPU.Build.0 = Debug|Any CPU
		{76849053-64DB-4D07-9A53-A072F6B838B2}.Release|Any CPU.ActiveCfg = Release|Any CPU
		{76849053-64DB-4D07-9A53-A072F6B838B2}.Release|Any CPU.Build.0 = Release|Any CPU
	EndGlobalSection
	GlobalSection(SolutionProperties) = preSolution
		HideSolutionNode = FALSE
	EndGlobalSection
	GlobalSection(ExtensibilityGlobals) = postSolution
		SolutionGuid = {ECF9C512-0E54-41A2-9C7D-CEE2E30A06C2}
	EndGlobalSection
EndGlobal
